
Microsoft Visual Studio Solution File, Format Version 12.00
# Visual Studio Version 17
VisualStudioVersion = 17.4.33205.214
MinimumVisualStudioVersion = 10.0.40219.1
Project("{FAE04EC0-301F-11D3-BF4B-00C04F79EFBC}") = "FlightScheduler", "FlightScheduler\FlightScheduler.csproj", "{1B38316D-9179-41A2-A2B7-A721E66C4B62}"
EndProject
Global
	GlobalSection(SolutionConfigurationPlatforms) = preSolution
		Debug|Any CPU = Debug|Any CPU
		Release|Any CPU = Release|Any CPU
	EndGlobalSection
	GlobalSection(ProjectConfigurationPlatforms) = postSolution
		{1B38316D-9179-41A2-A2B7-A721E66C4B62}.Debug|Any CPU.ActiveCfg = Debug|Any CPU
		{1B38316D-9179-41A2-A2B7-A721E66C4B62}.Debug|Any CPU.Build.0 = Debug|Any CPU
		{1B38316D-9179-41A2-A2B7-A721E66C4B62}.Release|Any CPU.ActiveCfg = Release|Any CPU
		{1B38316D-9179-41A2-A2B7-A721E66C4B62}.Release|Any CPU.Build.0 = Release|Any CPU
	EndGlobalSection
	GlobalSection(SolutionProperties) = preSolution
		HideSolutionNode = FALSE
	EndGlobalSection
	GlobalSection(ExtensibilityGlobals) = postSolution
		SolutionGuid = {C1616110-5112-40A7-8E2C-9B10DDE96C42}
	EndGlobalSection
EndGlobal
